
Microsoft Visual Studio Solution File, Format Version 12.00
# Visual Studio Version 16
VisualStudioVersion = 16.0.32002.261
MinimumVisualStudioVersion = 10.0.40219.1
Project("{FAE04EC0-301F-11D3-BF4B-00C04F79EFBC}") = "Stirbu_Valentin_Lab8", "Stirbu_Valentin_Lab8.csproj", "{EE728FC2-E4E3-4796-924A-45580B7B67B6}"
EndProject
Global
	GlobalSection(SolutionConfigurationPlatforms) = preSolution
		Debug|Any CPU = Debug|Any CPU
		Release|Any CPU = Release|Any CPU
	EndGlobalSection
	GlobalSection(ProjectConfigurationPlatforms) = postSolution
		{EE728FC2-E4E3-4796-924A-45580B7B67B6}.Debug|Any CPU.ActiveCfg = Debug|Any CPU
		{EE728FC2-E4E3-4796-924A-45580B7B67B6}.Debug|Any CPU.Build.0 = Debug|Any CPU
		{EE728FC2-E4E3-4796-924A-45580B7B67B6}.Release|Any CPU.ActiveCfg = Release|Any CPU
		{EE728FC2-E4E3-4796-924A-45580B7B67B6}.Release|Any CPU.Build.0 = Release|Any CPU
	EndGlobalSection
	GlobalSection(SolutionProperties) = preSolution
		HideSolutionNode = FALSE
	EndGlobalSection
	GlobalSection(ExtensibilityGlobals) = postSolution
		SolutionGuid = {E5C1F210-00DD-43F0-B727-F3DD78A49B21}
	EndGlobalSection
EndGlobal
